
Microsoft Visual Studio Solution File, Format Version 12.00
# Visual Studio Version 16
VisualStudioVersion = 16.0.29509.3
MinimumVisualStudioVersion = 10.0.40219.1
Project("{FAE04EC0-301F-11D3-BF4B-00C04F79EFBC}") = "Business", "Business.csproj", "{5E3D5A90-2A66-406F-8392-8878C074AFFA}"
EndProject
Project("{FAE04EC0-301F-11D3-BF4B-00C04F79EFBC}") = "Business.Tests", "..\Business.Tests\Business.Tests.csproj", "{639D0F44-0FDC-496B-9CC7-A3441E0C338C}"
EndProject
Project("{FAE04EC0-301F-11D3-BF4B-00C04F79EFBC}") = "UI.Console", "..\UI.Console\UI.Console.csproj", "{60DC6840-6D47-4643-A97C-E349A5B581A7}"
EndProject
Global
	GlobalSection(SolutionConfigurationPlatforms) = preSolution
		Debug|Any CPU = Debug|Any CPU
		Release|Any CPU = Release|Any CPU
	EndGlobalSection
	GlobalSection(ProjectConfigurationPlatforms) = postSolution
		{5E3D5A90-2A66-406F-8392-8878C074AFFA}.Debug|Any CPU.ActiveCfg = Debug|Any CPU
		{5E3D5A90-2A66-406F-8392-8878C074AFFA}.Debug|Any CPU.Build.0 = Debug|Any CPU
		{5E3D5A90-2A66-406F-8392-8878C074AFFA}.Release|Any CPU.ActiveCfg = Release|Any CPU
		{5E3D5A90-2A66-406F-8392-8878C074AFFA}.Release|Any CPU.Build.0 = Release|Any CPU
		{639D0F44-0FDC-496B-9CC7-A3441E0C338C}.Debug|Any CPU.ActiveCfg = Debug|Any CPU
		{639D0F44-0FDC-496B-9CC7-A3441E0C338C}.Debug|Any CPU.Build.0 = Debug|Any CPU
		{639D0F44-0FDC-496B-9CC7-A3441E0C338C}.Release|Any CPU.ActiveCfg = Release|Any CPU
		{639D0F44-0FDC-496B-9CC7-A3441E0C338C}.Release|Any CPU.Build.0 = Release|Any CPU
		{60DC6840-6D47-4643-A97C-E349A5B581A7}.Debug|Any CPU.ActiveCfg = Debug|Any CPU
		{60DC6840-6D47-4643-A97C-E349A5B581A7}.Debug|Any CPU.Build.0 = Debug|Any CPU
		{60DC6840-6D47-4643-A97C-E349A5B581A7}.Release|Any CPU.ActiveCfg = Release|Any CPU
		{60DC6840-6D47-4643-A97C-E349A5B581A7}.Release|Any CPU.Build.0 = Release|Any CPU
	EndGlobalSection
	GlobalSection(SolutionProperties) = preSolution
		HideSolutionNode = FALSE
	EndGlobalSection
	GlobalSection(ExtensibilityGlobals) = postSolution
		SolutionGuid = {329D98C6-800F-4C14-83C5-E4DDC3CD99E6}
	EndGlobalSection
EndGlobal
